
Microsoft Visual Studio Solution File, Format Version 12.00
# Visual Studio Version 16
VisualStudioVersion = 16.0.31911.196
MinimumVisualStudioVersion = 10.0.40219.1
Project("{8BC9CEB8-8B4A-11D0-8D11-00A0C91BC942}") = "Lv1", "Lv1\Lv1.vcxproj", "{6C73EAD0-2F9A-46DA-A3BB-7673808BD50E}"
EndProject
Project("{8BC9CEB8-8B4A-11D0-8D11-00A0C91BC942}") = "Lv2", "Lv2\Lv2.vcxproj", "{07BBA9EC-A468-417E-A3BA-C89C90BFDAD4}"
EndProject
Project("{8BC9CEB8-8B4A-11D0-8D11-00A0C91BC942}") = "Lv3", "Lv3\Lv3.vcxproj", "{17D7389B-39E4-47BC-BB48-C123F9936964}"
EndProject
Project("{8BC9CEB8-8B4A-11D0-8D11-00A0C91BC942}") = "Dev-Matching", "Dev-Matching\Dev-Matching.vcxproj", "{A6D02FF4-5A24-4B49-9064-E9E761B0B1E0}"
EndProject
Project("{8BC9CEB8-8B4A-11D0-8D11-00A0C91BC942}") = "0430Test", "0430Test\0430Test.vcxproj", "{7FCA1C8F-0C3A-41A3-895E-92031F94AA5C}"
EndProject
Project("{8BC9CEB8-8B4A-11D0-8D11-00A0C91BC942}") = "0507Test", "0507Test\0507Test.vcxproj", "{D4A69B7B-3AD7-44C5-942E-42E15C3437CB}"
EndProject
Project("{8BC9CEB8-8B4A-11D0-8D11-00A0C91BC942}") = "0516Test_acepr", "0516Test_acepr\0516Test_acepr.vcxproj", "{59FB88E1-399D-4196-B9FD-7432C4734BB2}"
EndProject
Project("{8BC9CEB8-8B4A-11D0-8D11-00A0C91BC942}") = "0529Test_NHN", "0529Test_NHN\0529Test_NHN.vcxproj", "{7097D340-A70A-4C4D-B744-F06D260F94D3}"
EndProject
Global
	GlobalSection(SolutionConfigurationPlatforms) = preSolution
		Debug|x64 = Debug|x64
		Debug|x86 = Debug|x86
		Release|x64 = Release|x64
		Release|x86 = Release|x86
	EndGlobalSection
	GlobalSection(ProjectConfigurationPlatforms) = postSolution
		{6C73EAD0-2F9A-46DA-A3BB-7673808BD50E}.Debug|x64.ActiveCfg = Debug|x64
		{6C73EAD0-2F9A-46DA-A3BB-7673808BD50E}.Debug|x64.Build.0 = Debug|x64
		{6C73EAD0-2F9A-46DA-A3BB-7673808BD50E}.Debug|x86.ActiveCfg = Debug|Win32
		{6C73EAD0-2F9A-46DA-A3BB-7673808BD50E}.Debug|x86.Build.0 = Debug|Win32
		{6C73EAD0-2F9A-46DA-A3BB-7673808BD50E}.Release|x64.ActiveCfg = Release|x64
		{6C73EAD0-2F9A-46DA-A3BB-7673808BD50E}.Release|x64.Build.0 = Release|x64
		{6C73EAD0-2F9A-46DA-A3BB-7673808BD50E}.Release|x86.ActiveCfg = Release|Win32
		{6C73EAD0-2F9A-46DA-A3BB-7673808BD50E}.Release|x86.Build.0 = Release|Win32
		{07BBA9EC-A468-417E-A3BA-C89C90BFDAD4}.Debug|x64.ActiveCfg = Debug|x64
		{07BBA9EC-A468-417E-A3BA-C89C90BFDAD4}.Debug|x64.Build.0 = Debug|x64
		{07BBA9EC-A468-417E-A3BA-C89C90BFDAD4}.Debug|x86.ActiveCfg = Debug|Win32
		{07BBA9EC-A468-417E-A3BA-C89C90BFDAD4}.Debug|x86.Build.0 = Debug|Win32
		{07BBA9EC-A468-417E-A3BA-C89C90BFDAD4}.Release|x64.ActiveCfg = Release|x64
		{07BBA9EC-A468-417E-A3BA-C89C90BFDAD4}.Release|x64.Build.0 = Release|x64
		{07BBA9EC-A468-417E-A3BA-C89C90BFDAD4}.Release|x86.ActiveCfg = Release|Win32
		{07BBA9EC-A468-417E-A3BA-C89C90BFDAD4}.Release|x86.Build.0 = Release|Win32
		{17D7389B-39E4-47BC-BB48-C123F9936964}.Debug|x64.ActiveCfg = Debug|x64
		{17D7389B-39E4-47BC-BB48-C123F9936964}.Debug|x64.Build.0 = Debug|x64
		{17D7389B-39E4-47BC-BB48-C123F9936964}.Debug|x86.ActiveCfg = Debug|Win32
		{17D7389B-39E4-47BC-BB48-C123F9936964}.Debug|x86.Build.0 = Debug|Win32
		{17D7389B-39E4-47BC-BB48-C123F9936964}.Release|x64.ActiveCfg = Release|x64
		{17D7389B-39E4-47BC-BB48-C123F9936964}.Release|x64.Build.0 = Release|x64
		{17D7389B-39E4-47BC-BB48-C123F9936964}.Release|x86.ActiveCfg = Release|Win32
		{17D7389B-39E4-47BC-BB48-C123F9936964}.Release|x86.Build.0 = Release|Win32
		{A6D02FF4-5A24-4B49-9064-E9E761B0B1E0}.Debug|x64.ActiveCfg = Debug|x64
		{A6D02FF4-5A24-4B49-9064-E9E761B0B1E0}.Debug|x64.Build.0 = Debug|x64
		{A6D02FF4-5A24-4B49-9064-E9E761B0B1E0}.Debug|x86.ActiveCfg = Debug|Win32
		{A6D02FF4-5A24-4B49-9064-E9E761B0B1E0}.Debug|x86.Build.0 = Debug|Win32
		{A6D02FF4-5A24-4B49-9064-E9E761B0B1E0}.Release|x64.ActiveCfg = Release|x64
		{A6D02FF4-5A24-4B49-9064-E9E761B0B1E0}.Release|x64.Build.0 = Release|x64
		{A6D02FF4-5A24-4B49-9064-E9E761B0B1E0}.Release|x86.ActiveCfg = Release|Win32
		{A6D02FF4-5A24-4B49-9064-E9E761B0B1E0}.Release|x86.Build.0 = Release|Win32
		{7FCA1C8F-0C3A-41A3-895E-92031F94AA5C}.Debug|x64.ActiveCfg = Debug|x64
		{7FCA1C8F-0C3A-41A3-895E-92031F94AA5C}.Debug|x64.Build.0 = Debug|x64
		{7FCA1C8F-0C3A-41A3-895E-92031F94AA5C}.Debug|x86.ActiveCfg = Debug|Win32
		{7FCA1C8F-0C3A-41A3-895E-92031F94AA5C}.Debug|x86.Build.0 = Debug|Win32
		{7FCA1C8F-0C3A-41A3-895E-92031F94AA5C}.Release|x64.ActiveCfg = Release|x64
		{7FCA1C8F-0C3A-41A3-895E-92031F94AA5C}.Release|x64.Build.0 = Release|x64
		{7FCA1C8F-0C3A-41A3-895E-92031F94AA5C}.Release|x86.ActiveCfg = Release|Win32
		{7FCA1C8F-0C3A-41A3-895E-92031F94AA5C}.Release|x86.Build.0 = Release|Win32
		{D4A69B7B-3AD7-44C5-942E-42E15C3437CB}.Debug|x64.ActiveCfg = Debug|x64
		{D4A69B7B-3AD7-44C5-942E-42E15C3437CB}.Debug|x64.Build.0 = Debug|x64
		{D4A69B7B-3AD7-44C5-942E-42E15C3437CB}.Debug|x86.ActiveCfg = Debug|Win32
		{D4A69B7B-3AD7-44C5-942E-42E15C3437CB}.Debug|x86.Build.0 = Debug|Win32
		{D4A69B7B-3AD7-44C5-942E-42E15C3437CB}.Release|x64.ActiveCfg = Release|x64
		{D4A69B7B-3AD7-44C5-942E-42E15C3437CB}.Release|x64.Build.0 = Release|x64
		{D4A69B7B-3AD7-44C5-942E-42E15C3437CB}.Release|x86.ActiveCfg = Release|Win32
		{D4A69B7B-3AD7-44C5-942E-42E15C3437CB}.Release|x86.Build.0 = Release|Win32
		{59FB88E1-399D-4196-B9FD-7432C4734BB2}.Debug|x64.ActiveCfg = Debug|x64
		{59FB88E1-399D-4196-B9FD-7432C4734BB2}.Debug|x64.Build.0 = Debug|x64
		{59FB88E1-399D-4196-B9FD-7432C4734BB2}.Debug|x86.ActiveCfg = Debug|Win32
		{59FB88E1-399D-4196-B9FD-7432C4734BB2}.Debug|x86.Build.0 = Debug|Win32
		{59FB88E1-399D-4196-B9FD-7432C4734BB2}.Release|x64.ActiveCfg = Release|x64
		{59FB88E1-399D-4196-B9FD-7432C4734BB2}.Release|x64.Build.0 = Release|x64
		{59FB88E1-399D-4196-B9FD-7432C4734BB2}.Release|x86.ActiveCfg = Release|Win32
		{59FB88E1-399D-4196-B9FD-7432C4734BB2}.Release|x86.Build.0 = Release|Win32
		{7097D340-A70A-4C4D-B744-F06D260F94D3}.Debug|x64.ActiveCfg = Debug|x64
		{7097D340-A70A-4C4D-B744-F06D260F94D3}.Debug|x64.Build.0 = Debug|x64
		{7097D340-A70A-4C4D-B744-F06D260F94D3}.Debug|x86.ActiveCfg = Debug|Win32
		{7097D340-A70A-4C4D-B744-F06D260F94D3}.Debug|x86.Build.0 = Debug|Win32
		{7097D340-A70A-4C4D-B744-F06D260F94D3}.Release|x64.ActiveCfg = Release|x64
		{7097D340-A70A-4C4D-B744-F06D260F94D3}.Release|x64.Build.0 = Release|x64
		{7097D340-A70A-4C4D-B744-F06D260F94D3}.Release|x86.ActiveCfg = Release|Win32
		{7097D340-A70A-4C4D-B744-F06D260F94D3}.Release|x86.Build.0 = Release|Win32
	EndGlobalSection
	GlobalSection(SolutionProperties) = preSolution
		HideSolutionNode = FALSE
	EndGlobalSection
	GlobalSection(ExtensibilityGlobals) = postSolution
		SolutionGuid = {C43C1782-E3F3-49E0-BFFC-F367B457707B}
	EndGlobalSection
EndGlobal
